
Microsoft Visual Studio Solution File, Format Version 12.00
# Visual Studio Version 16
VisualStudioVersion = 16.0.31112.23
MinimumVisualStudioVersion = 10.0.40219.1
Project("{888888A0-9F3D-457C-B088-3A5042F75D52}") = "hash", "hash.pyproj", "{56E029BF-A738-48E0-83A5-2CE53E4AC26A}"
EndProject
Global
	GlobalSection(SolutionConfigurationPlatforms) = preSolution
		Debug|Any CPU = Debug|Any CPU
		Release|Any CPU = Release|Any CPU
	EndGlobalSection
	GlobalSection(ProjectConfigurationPlatforms) = postSolution
		{56E029BF-A738-48E0-83A5-2CE53E4AC26A}.Debug|Any CPU.ActiveCfg = Debug|Any CPU
		{56E029BF-A738-48E0-83A5-2CE53E4AC26A}.Release|Any CPU.ActiveCfg = Release|Any CPU
	EndGlobalSection
	GlobalSection(SolutionProperties) = preSolution
		HideSolutionNode = FALSE
	EndGlobalSection
	GlobalSection(ExtensibilityGlobals) = postSolution
		SolutionGuid = {1CFC5E5D-E85A-44E8-A472-4B321078FD06}
	EndGlobalSection
EndGlobal
